
Microsoft Visual Studio Solution File, Format Version 12.00
# Visual Studio Version 17
VisualStudioVersion = 17.7.34221.43
MinimumVisualStudioVersion = 10.0.40219.1
Project("{FAE04EC0-301F-11D3-BF4B-00C04F79EFBC}") = "PetrolSimulation", "PetrolSimulation\PetrolSimulation.csproj", "{19AB1EF1-D847-49F8-8B60-B1944B6A9778}"
EndProject
Global
	GlobalSection(SolutionConfigurationPlatforms) = preSolution
		Debug|Any CPU = Debug|Any CPU
		Release|Any CPU = Release|Any CPU
	EndGlobalSection
	GlobalSection(ProjectConfigurationPlatforms) = postSolution
		{19AB1EF1-D847-49F8-8B60-B1944B6A9778}.Debug|Any CPU.ActiveCfg = Debug|Any CPU
		{19AB1EF1-D847-49F8-8B60-B1944B6A9778}.Debug|Any CPU.Build.0 = Debug|Any CPU
		{19AB1EF1-D847-49F8-8B60-B1944B6A9778}.Release|Any CPU.ActiveCfg = Release|Any CPU
		{19AB1EF1-D847-49F8-8B60-B1944B6A9778}.Release|Any CPU.Build.0 = Release|Any CPU
	EndGlobalSection
	GlobalSection(SolutionProperties) = preSolution
		HideSolutionNode = FALSE
	EndGlobalSection
	GlobalSection(ExtensibilityGlobals) = postSolution
		SolutionGuid = {BCEA2271-70A3-4F38-A0C1-9CB19338B377}
	EndGlobalSection
EndGlobal
